// !$*UTF8*$!
{
	archiveVersion = 1;
	classes = {
	};
	objectVersion = 50;
	objects = {

/* Begin PBXBuildFile section */
		6C68C14321BB26D100B32A82 /* AppDelegate.swift in Sources */ = {isa = PBXBuildFile; fileRef = 6C68C14221BB26D100B32A82 /* AppDelegate.swift */; };
		6C68C14521BB26D100B32A82 /* ViewController.swift in Sources */ = {isa = PBXBuildFile; fileRef = 6C68C14421BB26D100B32A82 /* ViewController.swift */; };
		6C68C14721BB26D200B32A82 /* Assets.xcassets in Resources */ = {isa = PBXBuildFile; fileRef = 6C68C14621BB26D200B32A82 /* Assets.xcassets */; };
		6C68C14A21BB26D200B32A82 /* Main.storyboard in Resources */ = {isa = PBXBuildFile; fileRef = 6C68C14821BB26D200B32A82 /* Main.storyboard */; };
		6C68C15521BB2EDB00B32A82 /* AddRiderViewController.swift in Sources */ = {isa = PBXBuildFile; fileRef = 6C68C15421BB2EDB00B32A82 /* AddRiderViewController.swift */; };
		6C68C15821BB2F7B00B32A82 /* AddDriverViewController.swift in Sources */ = {isa = PBXBuildFile; fileRef = 6C68C15621BB2F7B00B32A82 /* AddDriverViewController.swift */; };
		6C68C15B21BB30E100B32A82 /* Rider.swift in Sources */ = {isa = PBXBuildFile; fileRef = 6C68C15A21BB30E100B32A82 /* Rider.swift */; };
		6C68C15D21BB30E900B32A82 /* Driver.swift in Sources */ = {isa = PBXBuildFile; fileRef = 6C68C15C21BB30E900B32A82 /* Driver.swift */; };
		6CFBC0D521BC965500F7708A /* FinalCarsViewController.swift in Sources */ = {isa = PBXBuildFile; fileRef = 6CFBC0D321BC965500F7708A /* FinalCarsViewController.swift */; };
/* End PBXBuildFile section */

/* Begin PBXFileReference section */
		6C68C13F21BB26D100B32A82 /* Randomizer.app */ = {isa = PBXFileReference; explicitFileType = wrapper.application; includeInIndex = 0; path = Randomizer.app; sourceTree = BUILT_PRODUCTS_DIR; };
		6C68C14221BB26D100B32A82 /* AppDelegate.swift */ = {isa = PBXFileReference; lastKnownFileType = sourcecode.swift; path = AppDelegate.swift; sourceTree = "<group>"; };
		6C68C14421BB26D100B32A82 /* ViewController.swift */ = {isa = PBXFileReference; lastKnownFileType = sourcecode.swift; path = ViewController.swift; sourceTree = "<group>"; };
		6C68C14621BB26D200B32A82 /* Assets.xcassets */ = {isa = PBXFileReference; lastKnownFileType = folder.assetcatalog; path = Assets.xcassets; sourceTree = "<group>"; };
		6C68C14921BB26D200B32A82 /* Base */ = {isa = PBXFileReference; lastKnownFileType = file.storyboard; name = Base; path = Base.lproj/Main.storyboard; sourceTree = "<group>"; };
		6C68C14B21BB26D200B32A82 /* Info.plist */ = {isa = PBXFileReference; lastKnownFileType = text.plist.xml; path = Info.plist; sourceTree = "<group>"; };
		6C68C14C21BB26D200B32A82 /* Randomizer.entitlements */ = {isa = PBXFileReference; lastKnownFileType = text.plist.entitlements; path = Randomizer.entitlements; sourceTree = "<group>"; };
		6C68C15421BB2EDB00B32A82 /* AddRiderViewController.swift */ = {isa = PBXFileReference; lastKnownFileType = sourcecode.swift; path = AddRiderViewController.swift; sourceTree = "<group>"; };
		6C68C15621BB2F7B00B32A82 /* AddDriverViewController.swift */ = {isa = PBXFileReference; lastKnownFileType = sourcecode.swift; path = AddDriverViewController.swift; sourceTree = "<group>"; };
		6C68C15A21BB30E100B32A82 /* Rider.swift */ = {isa = PBXFileReference; lastKnownFileType = sourcecode.swift; path = Rider.swift; sourceTree = "<group>"; };
		6C68C15C21BB30E900B32A82 /* Driver.swift */ = {isa = PBXFileReference; lastKnownFileType = sourcecode.swift; path = Driver.swift; sourceTree = "<group>"; };
		6CFBC0D321BC965500F7708A /* FinalCarsViewController.swift */ = {isa = PBXFileReference; lastKnownFileType = sourcecode.swift; path = FinalCarsViewController.swift; sourceTree = "<group>"; };
/* End PBXFileReference section */

/* Begin PBXFrameworksBuildPhase section */
		6C68C13C21BB26D100B32A82 /* Frameworks */ = {
			isa = PBXFrameworksBuildPhase;
			buildActionMask = 2147483647;
			files = (
			);
			runOnlyForDeploymentPostprocessing = 0;
		};
/* End PBXFrameworksBuildPhase section */

/* Begin PBXGroup section */
		6C68C13621BB26D100B32A82 = {
			isa = PBXGroup;
			children = (
				6C68C14121BB26D100B32A82 /* Randomizer */,
				6C68C14021BB26D100B32A82 /* Products */,
			);
			sourceTree = "<group>";
		};
		6C68C14021BB26D100B32A82 /* Products */ = {
			isa = PBXGroup;
			children = (
				6C68C13F21BB26D100B32A82 /* Randomizer.app */,
			);
			name = Products;
			sourceTree = "<group>";
		};
		6C68C14121BB26D100B32A82 /* Randomizer */ = {
			isa = PBXGroup;
			children = (
				6C68C15321BB2EBF00B32A82 /* Windows */,
				6C68C15221BB2EB100B32A82 /* Models */,
				6C68C14221BB26D100B32A82 /* AppDelegate.swift */,
				6C68C14621BB26D200B32A82 /* Assets.xcassets */,
				6C68C14821BB26D200B32A82 /* Main.storyboard */,
				6C68C14B21BB26D200B32A82 /* Info.plist */,
				6C68C14C21BB26D200B32A82 /* Randomizer.entitlements */,
			);
			path = Randomizer;
			sourceTree = "<group>";
		};
		6C68C15221BB2EB100B32A82 /* Models */ = {
			isa = PBXGroup;
			children = (
				6C68C15A21BB30E100B32A82 /* Rider.swift */,
				6C68C15C21BB30E900B32A82 /* Driver.swift */,
			);
			name = Models;
			sourceTree = "<group>";
		};
		6C68C15321BB2EBF00B32A82 /* Windows */ = {
			isa = PBXGroup;
			children = (
				6C68C14421BB26D100B32A82 /* ViewController.swift */,
				6C68C15421BB2EDB00B32A82 /* AddRiderViewController.swift */,
				6C68C15621BB2F7B00B32A82 /* AddDriverViewController.swift */,
				6CFBC0D321BC965500F7708A /* FinalCarsViewController.swift */,
			);
			name = Windows;
			sourceTree = "<group>";
		};
/* End PBXGroup section */

/* Begin PBXNativeTarget section */
		6C68C13E21BB26D100B32A82 /* Randomizer */ = {
			isa = PBXNativeTarget;
			buildConfigurationList = 6C68C14F21BB26D200B32A82 /* Build configuration list for PBXNativeTarget "Randomizer" */;
			buildPhases = (
				6C68C13B21BB26D100B32A82 /* Sources */,
				6C68C13C21BB26D100B32A82 /* Frameworks */,
				6C68C13D21BB26D100B32A82 /* Resources */,
			);
			buildRules = (
			);
			dependencies = (
			);
			name = Randomizer;
			productName = Randomizer;
			productReference = 6C68C13F21BB26D100B32A82 /* Randomizer.app */;
			productType = "com.apple.product-type.application";
		};
/* End PBXNativeTarget section */

/* Begin PBXProject section */
		6C68C13721BB26D100B32A82 /* Project object */ = {
			isa = PBXProject;
			attributes = {
				LastSwiftUpdateCheck = 1010;
				LastUpgradeCheck = 1010;
				ORGANIZATIONNAME = "Mobile Developers of Berkeley";
				TargetAttributes = {
					6C68C13E21BB26D100B32A82 = {
						CreatedOnToolsVersion = 10.1;
						SystemCapabilities = {
							com.apple.Sandbox = {
								enabled = 1;
							};
						};
					};
				};
			};
			buildConfigurationList = 6C68C13A21BB26D100B32A82 /* Build configuration list for PBXProject "Randomizer" */;
			compatibilityVersion = "Xcode 9.3";
			developmentRegion = en;
			hasScannedForEncodings = 0;
			knownRegions = (
				en,
				Base,
			);
			mainGroup = 6C68C13621BB26D100B32A82;
			productRefGroup = 6C68C14021BB26D100B32A82 /* Products */;
			projectDirPath = "";
			projectRoot = "";
			targets = (
				6C68C13E21BB26D100B32A82 /* Randomizer */,
			);
		};
/* End PBXProject section */

/* Begin PBXResourcesBuildPhase section */
		6C68C13D21BB26D100B32A82 /* Resources */ = {
			isa = PBXResourcesBuildPhase;
			buildActionMask = 2147483647;
			files = (
				6C68C14721BB26D200B32A82 /* Assets.xcassets in Resources */,
				6C68C14A21BB26D200B32A82 /* Main.storyboard in Resources */,
			);
			runOnlyForDeploymentPostprocessing = 0;
		};
/* End PBXResourcesBuildPhase section */

/* Begin PBXSourcesBuildPhase section */
		6C68C13B21BB26D100B32A82 /* Sources */ = {
			isa = PBXSourcesBuildPhase;
			buildActionMask = 2147483647;
			files = (
				6C68C15821BB2F7B00B32A82 /* AddDriverViewController.swift in Sources */,
				6C68C14521BB26D100B32A82 /* ViewController.swift in Sources */,
				6C68C15B21BB30E100B32A82 /* Rider.swift in Sources */,
				6C68C15D21BB30E900B32A82 /* Driver.swift in Sources */,
				6C68C14321BB26D100B32A82 /* AppDelegate.swift in Sources */,
				6C68C15521BB2EDB00B32A82 /* AddRiderViewController.swift in Sources */,
				6CFBC0D521BC965500F7708A /* FinalCarsViewController.swift in Sources */,
			);
			runOnlyForDeploymentPostprocessing = 0;
		};
/* End PBXSourcesBuildPhase section */

/* Begin PBXVariantGroup section */
		6C68C14821BB26D200B32A82 /* Main.storyboard */ = {
			isa = PBXVariantGroup;
			children = (
				6C68C14921BB26D200B32A82 /* Base */,
			);
			name = Main.storyboard;
			sourceTree = "<group>";
		};
/* End PBXVariantGroup section */

/* Begin XCBuildConfiguration section */
		6C68C14D21BB26D200B32A82 /* Debug */ = {
			isa = XCBuildConfiguration;
			buildSettings = {
				ALWAYS_SEARCH_USER_PATHS = NO;
				CLANG_ANALYZER_NONNULL = YES;
				CLANG_ANALYZER_NUMBER_OBJECT_CONVERSION = YES_AGGRESSIVE;
				CLANG_CXX_LANGUAGE_STANDARD = "gnu++14";
				CLANG_CXX_LIBRARY = "libc++";
				CLANG_ENABLE_MODULES = YES;
				CLANG_ENABLE_OBJC_ARC = YES;
				CLANG_ENABLE_OBJC_WEAK = YES;
				CLANG_WARN_BLOCK_CAPTURE_AUTORELEASING = YES;
				CLANG_WARN_BOOL_CONVERSION = YES;
				CLANG_WARN_COMMA = YES;
				CLANG_WARN_CONSTANT_CONVERSION = YES;
				CLANG_WARN_DEPRECATED_OBJC_IMPLEMENTATIONS = YES;
				CLANG_WARN_DIRECT_OBJC_ISA_USAGE = YES_ERROR;
				CLANG_WARN_DOCUMENTATION_COMMENTS = YES;
				CLANG_WARN_EMPTY_BODY = YES;
				CLANG_WARN_ENUM_CONVERSION = YES;
				CLANG_WARN_INFINITE_RECURSION = YES;
				CLANG_WARN_INT_CONVERSION = YES;
				CLANG_WARN_NON_LITERAL_NULL_CONVERSION = YES;
				CLANG_WARN_OBJC_IMPLICIT_RETAIN_SELF = YES;
				CLANG_WARN_OBJC_LITERAL_CONVERSION = YES;
				CLANG_WARN_OBJC_ROOT_CLASS = YES_ERROR;
				CLANG_WARN_RANGE_LOOP_ANALYSIS = YES;
				CLANG_WARN_STRICT_PROTOTYPES = YES;
				CLANG_WARN_SUSPICIOUS_MOVE = YES;
				CLANG_WARN_UNGUARDED_AVAILABILITY = YES_AGGRESSIVE;
				CLANG_WARN_UNREACHABLE_CODE = YES;
				CLANG_WARN__DUPLICATE_METHOD_MATCH = YES;
				CODE_SIGN_IDENTITY = "Mac Developer";
				COPY_PHASE_STRIP = NO;
				DEBUG_INFORMATION_FORMAT = dwarf;
				ENABLE_STRICT_OBJC_MSGSEND = YES;
				ENABLE_TESTABILITY = YES;
				GCC_C_LANGUAGE_STANDARD = gnu11;
				GCC_DYNAMIC_NO_PIC = NO;
				GCC_NO_COMMON_BLOCKS = YES;
				GCC_OPTIMIZATION_LEVEL = 0;
				GCC_PREPROCESSOR_DEFINITIONS = (
					"DEBUG=1",
					"$(inherited)",
				);
				GCC_WARN_64_TO_32_BIT_CONVERSION = YES;
				GCC_WARN_ABOUT_RETURN_TYPE = YES_ERROR;
				GCC_WARN_UNDECLARED_SELECTOR = YES;
				GCC_WARN_UNINITIALIZED_AUTOS = YES_AGGRESSIVE;
				GCC_WARN_UNUSED_FUNCTION = YES;
				GCC_WARN_UNUSED_VARIABLE = YES;
				MACOSX_DEPLOYMENT_TARGET = 10.14;
				MTL_ENABLE_DEBUG_INFO = INCLUDE_SOURCE;
				MTL_FAST_MATH = YES;
				ONLY_ACTIVE_ARCH = YES;
				SDKROOT = macosx;
				SWIFT_ACTIVE_COMPILATION_CONDITIONS = DEBUG;
				SWIFT_OPTIMIZATION_LEVEL = "-Onone";
			};
			name = Debug;
		};
		6C68C14E21BB26D200B32A82 /* Release */ = {
			isa = XCBuildConfiguration;
			buildSettings = {
				ALWAYS_SEARCH_USER_PATHS = NO;
				CLANG_ANALYZER_NONNULL = YES;
				CLANG_ANALYZER_NUMBER_OBJECT_CONVERSION = YES_AGGRESSIVE;
				CLANG_CXX_LANGUAGE_STANDARD = "gnu++14";
				CLANG_CXX_LIBRARY = "libc++";
				CLANG_ENABLE_MODULES = YES;
				CLANG_ENABLE_OBJC_ARC = YES;
				CLANG_ENABLE_OBJC_WEAK = YES;
				CLANG_WARN_BLOCK_CAPTURE_AUTORELEASING = YES;
				CLANG_WARN_BOOL_CONVERSION = YES;
				CLANG_WARN_COMMA = YES;
				CLANG_WARN_CONSTANT_CONVERSION = YES;
				CLANG_WARN_DEPRECATED_OBJC_IMPLEMENTATIONS = YES;
				CLANG_WARN_DIRECT_OBJC_ISA_USAGE = YES_ERROR;
				CLANG_WARN_DOCUMENTATION_COMMENTS = YES;
				CLANG_WARN_EMPTY_BODY = YES;
				CLANG_WARN_ENUM_CONVERSION = YES;
				CLANG_WARN_INFINITE_RECURSION = YES;
				CLANG_WARN_INT_CONVERSION = YES;
				CLANG_WARN_NON_LITERAL_NULL_CONVERSION = YES;
				CLANG_WARN_OBJC_IMPLICIT_RETAIN_SELF = YES;
				CLANG_WARN_OBJC_LITERAL_CONVERSION = YES;
				CLANG_WARN_OBJC_ROOT_CLASS = YES_ERROR;
				CLANG_WARN_RANGE_LOOP_ANALYSIS = YES;
				CLANG_WARN_STRICT_PROTOTYPES = YES;
				CLANG_WARN_SUSPICIOUS_MOVE = YES;
				CLANG_WARN_UNGUARDED_AVAILABILITY = YES_AGGRESSIVE;
				CLANG_WARN_UNREACHABLE_CODE = YES;
				CLANG_WARN__DUPLICATE_METHOD_MATCH = YES;
				CODE_SIGN_IDENTITY = "Mac Developer";
				COPY_PHASE_STRIP = NO;
				DEBUG_INFORMATION_FORMAT = "dwarf-with-dsym";
				ENABLE_NS_ASSERTIONS = NO;
				ENABLE_STRICT_OBJC_MSGSEND = YES;
				GCC_C_LANGUAGE_STANDARD = gnu11;
				GCC_NO_COMMON_BLOCKS = YES;
				GCC_WARN_64_TO_32_BIT_CONVERSION = YES;
				GCC_WARN_ABOUT_RETURN_TYPE = YES_ERROR;
				GCC_WARN_UNDECLARED_SELECTOR = YES;
				GCC_WARN_UNINITIALIZED_AUTOS = YES_AGGRESSIVE;
				GCC_WARN_UNUSED_FUNCTION = YES;
				GCC_WARN_UNUSED_VARIABLE = YES;
				MACOSX_DEPLOYMENT_TARGET = 10.14;
				MTL_ENABLE_DEBUG_INFO = NO;
				MTL_FAST_MATH = YES;
				SDKROOT = macosx;
				SWIFT_COMPILATION_MODE = wholemodule;
				SWIFT_OPTIMIZATION_LEVEL = "-O";
			};
			name = Release;
		};
		6C68C15021BB26D200B32A82 /* Debug */ = {
			isa = XCBuildConfiguration;
			buildSettings = {
				ASSETCATALOG_COMPILER_APPICON_NAME = AppIcon;
				CODE_SIGN_ENTITLEMENTS = Randomizer/Randomizer.entitlements;
				CODE_SIGN_STYLE = Automatic;
				COMBINE_HIDPI_IMAGES = YES;
				DEVELOPMENT_TEAM = Y2JVY29H4R;
				INFOPLIST_FILE = Randomizer/Info.plist;
				LD_RUNPATH_SEARCH_PATHS = (
					"$(inherited)",
					"@executable_path/../Frameworks",
				);
				PRODUCT_BUNDLE_IDENTIFIER = com.mdb.Randomizer;
				PRODUCT_NAME = "$(TARGET_NAME)";
				SWIFT_VERSION = 4.2;
			};
			name = Debug;
		};
		6C68C15121BB26D200B32A82 /* Release */ = {
			isa = XCBuildConfiguration;
			buildSettings = {
				ASSETCATALOG_COMPILER_APPICON_NAME = AppIcon;
				CODE_SIGN_ENTITLEMENTS = Randomizer/Randomizer.entitlements;
				CODE_SIGN_STYLE = Automatic;
				COMBINE_HIDPI_IMAGES = YES;
				DEVELOPMENT_TEAM = Y2JVY29H4R;
				INFOPLIST_FILE = Randomizer/Info.plist;
				LD_RUNPATH_SEARCH_PATHS = (
					"$(inherited)",
					"@executable_path/../Frameworks",
				);
				PRODUCT_BUNDLE_IDENTIFIER = com.mdb.Randomizer;
				PRODUCT_NAME = "$(TARGET_NAME)";
				SWIFT_VERSION = 4.2;
			};
			name = Release;
		};
/* End XCBuildConfiguration section */

/* Begin XCConfigurationList section */
		6C68C13A21BB26D100B32A82 /* Build configuration list for PBXProject "Randomizer" */ = {
			isa = XCConfigurationList;
			buildConfigurations = (
				6C68C14D21BB26D200B32A82 /* Debug */,
				6C68C14E21BB26D200B32A82 /* Release */,
			);
			defaultConfigurationIsVisible = 0;
			defaultConfigurationName = Release;
		};
		6C68C14F21BB26D200B32A82 /* Build configuration list for PBXNativeTarget "Randomizer" */ = {
			isa = XCConfigurationList;
			buildConfigurations = (
				6C68C15021BB26D200B32A82 /* Debug */,
				6C68C15121BB26D200B32A82 /* Release */,
			);
			defaultConfigurationIsVisible = 0;
			defaultConfigurationName = Release;
		};
/* End XCConfigurationList section */
	};
	rootObject = 6C68C13721BB26D100B32A82 /* Project object */;
}
